
Microsoft Visual Studio Solution File, Format Version 12.00
# Visual Studio Version 16
VisualStudioVersion = 16.0.30804.86
MinimumVisualStudioVersion = 10.0.40219.1
Project("{FAE04EC0-301F-11D3-BF4B-00C04F79EFBC}") = "ProofOfConcept.ServiceWorker", "PoC\ProofOfConcept.ServiceWorker\ProofOfConcept.ServiceWorker.csproj", "{80C984C7-5709-4216-A3FB-FACE4C11F7ED}"
EndProject
Project("{FAE04EC0-301F-11D3-BF4B-00C04F79EFBC}") = "ProofOfConcept.Test", "PoC\ProofOfConcept.Test\ProofOfConcept.Test.csproj", "{EA7AAB27-A020-40EC-9705-362C8F5803EE}"
EndProject
Global
	GlobalSection(SolutionConfigurationPlatforms) = preSolution
		Debug|Any CPU = Debug|Any CPU
		Release|Any CPU = Release|Any CPU
	EndGlobalSection
	GlobalSection(ProjectConfigurationPlatforms) = postSolution
		{80C984C7-5709-4216-A3FB-FACE4C11F7ED}.Debug|Any CPU.ActiveCfg = Debug|Any CPU
		{80C984C7-5709-4216-A3FB-FACE4C11F7ED}.Debug|Any CPU.Build.0 = Debug|Any CPU
		{80C984C7-5709-4216-A3FB-FACE4C11F7ED}.Release|Any CPU.ActiveCfg = Release|Any CPU
		{80C984C7-5709-4216-A3FB-FACE4C11F7ED}.Release|Any CPU.Build.0 = Release|Any CPU
		{EA7AAB27-A020-40EC-9705-362C8F5803EE}.Debug|Any CPU.ActiveCfg = Debug|Any CPU
		{EA7AAB27-A020-40EC-9705-362C8F5803EE}.Debug|Any CPU.Build.0 = Debug|Any CPU
		{EA7AAB27-A020-40EC-9705-362C8F5803EE}.Release|Any CPU.ActiveCfg = Release|Any CPU
		{EA7AAB27-A020-40EC-9705-362C8F5803EE}.Release|Any CPU.Build.0 = Release|Any CPU
	EndGlobalSection
	GlobalSection(SolutionProperties) = preSolution
		HideSolutionNode = FALSE
	EndGlobalSection
	GlobalSection(ExtensibilityGlobals) = postSolution
		SolutionGuid = {F0678632-2E4E-4D6F-B0F8-2C2ACD1AE352}
	EndGlobalSection
EndGlobal
